lockfileVersion: '9.0'

settings:
  autoInstallPeers: true
  excludeLinksFromLockfile: false

importers:

  .:
    devDependencies:
      '@tanstack/react-query':
        specifier: ^5.101.4
        version: 5.101.4(react@19.2.8)
      ai:
        specifier: ^6.0.253
        version: 6.0.253(zod@4.4.3)
      typescript:
        specifier: ^5.8.3
        version: 5.9.3

packages:

  '@ai-sdk/gateway@3.0.172':
    resolution: {integrity: sha512-FSH+0q6wKNq6/WjWy10m3gbeW8MR6D7Qt380evNQinpfG88mOT2sP3x1U82tBsLlKe9O306LPfgQ3NDXy7HNbA==}
    engines: {node: '>=18'}
    peerDependencies:
      zod: ^3.25.76 || ^4.1.8

  '@ai-sdk/provider-utils@4.0.45':
    resolution: {integrity: sha512-7u5B/E2uZmU65SlJhhQGFHZwRCN0xOz4HHtFc4sEGV9PHbX3fGiEiZBpc/SABay1dGeJgK3VD60rvLGoWdWPXA==}
    engines: {node: '>=18'}
    peerDependencies:
      zod: ^3.25.76 || ^4.1.8

  '@ai-sdk/provider@3.0.15':
    resolution: {integrity: sha512-XeZW1CcDF2GMbH4wejW6xBRI2QCOgnkVYUnxoeDadB1mf85riL2bMUeDoh+6gJ/r4mjNfzUPW8OjLjvwTP0u1Q==}
    engines: {node: '>=18'}

  '@fastify/busboy@2.1.1':
    resolution: {integrity: sha512-vBZP4NlzfOlerQTnba4aqZoMhE/a9HY7HRqoOPaETQcSQuWEIyZMHGfVu6w9wGtGK5fED5qRs2DteVCjOH60sA==}
    engines: {node: '>=14'}

  '@opentelemetry/api@1.9.1':
    resolution: {integrity: sha512-gLyJlPHPZYdAk1JENA9LeHejZe1Ti77/pTeFm/nMXmQH/HFZlcS/O2XJB+L8fkbrNSqhdtlvjBVjxwUYanNH5Q==}
    engines: {node: '>=8.0.0'}

  '@standard-schema/spec@1.1.0':
    resolution: {integrity: sha512-l2aFy5jALhniG5HgqrD6jXLi/rUWrKvqN/qJx6yoJsgKhblVd+iqqU4RCXavm/jPityDo5TCvKMnpjKnOriy0w==}

  '@tanstack/query-core@5.101.4':
    resolution: {integrity: sha512-gNwcvOJcRbLWPOLG/2OBm+zM+Yv+MKsXKEOWC57USuZDEsI71hEErQsiEGx5wX9rzWWkfwM0fVSPoiIFSsxfiw==}

  '@tanstack/react-query@5.101.4':
    resolution: {integrity: sha512-yRg2pfOCxIs4ZJW3XYYHU/WgtD04FHSnfHlpRT7h7pR77hwkdRG4wxbKe4aq6P0RvXUTBSQpQeadS1SUYUe+KA==}
    peerDependencies:
      react: ^18 || ^19

  '@vercel/oidc@3.2.0':
    resolution: {integrity: sha512-UycprH3T6n3jH0k44NHMa7pnFHGu/N05MjojYr+Mc6I7obkoLIJujSWwin1pCvdy/eOxrI/l3uDLQsmcrOb4ug==}
    engines: {node: '>= 20'}

  ai@6.0.253:
    resolution: {integrity: sha512-NNwp47xpD4c47NB0ad+MP8HL66f8g6l0JwZ2UdHR6PpBPk9WACEq1k7md3r0GVR6skqAU/Slt5Hk9mJYQwJkvA==}
    engines: {node: '>=18'}
    peerDependencies:
      zod: ^3.25.76 || ^4.1.8

  eventsource-parser@3.1.1:
    resolution: {integrity: sha512-EKN1vKAMcZ8MlYMpaNuxN6R9yakzH6uajHcHVTqWJzvu5pWw9DyhbP35HH8MVBQ+dZjAfDxk+A8NiR9KWaXiyQ==}
    engines: {node: '>=18.0.0'}

  json-schema@0.4.0:
    resolution: {integrity: sha512-es94M3nTIfsEPisRafak+HDLfHXnKBhV3vU5eqPcS3flIWqcxJWgXHXiey3YrpaNsanY5ei1VoYEbOzijuq9BA==}

  react@19.2.8:
    resolution: {integrity: sha512-PWaYA1L/q9u2u7xYQi+Y3L3Yfnie7XyLeaJICV1MGD6LprsBxcAqGjYyr0eY3p+QdsA+x/Irkt4Qif8D63+Sbw==}
    engines: {node: '>=0.10.0'}

  typescript@5.9.3:
    resolution: {integrity: sha512-jl1vZzPDinLr9eUt3J/t7V6FgNEw9QjvBPdysz9KfQDD41fQrC2Y4vKQdiaUpFT4bXlb1RHhLpp8wtm6M5TgSw==}
    engines: {node: '>=14.17'}
    hasBin: true

  undici@5.29.0:
    resolution: {integrity: sha512-raqeBD6NQK4SkWhQzeYKd1KmIG6dllBOTt55Rmkt4HtI9mwdWtJljnrXjAFUBLTSN67HWrOIZ3EPF4kjUw80Bg==}
    engines: {node: '>=14.0'}

  zod@4.4.3:
    resolution: {integrity: sha512-ytENFjIJFl2UwYglde2jchW2Hwm4GJFLDiSXWdTrJQBIN9Fcyp7n4DhxJEiWNAJMV1/BqWfW/kkg71UDcHJyTQ==}

snapshots:

  '@ai-sdk/gateway@3.0.172(zod@4.4.3)':
    dependencies:
      '@ai-sdk/provider': 3.0.15
      '@ai-sdk/provider-utils': 4.0.45(zod@4.4.3)
      '@vercel/oidc': 3.2.0
      zod: 4.4.3

  '@ai-sdk/provider-utils@4.0.45(zod@4.4.3)':
    dependencies:
      '@ai-sdk/provider': 3.0.15
      '@standard-schema/spec': 1.1.0
      eventsource-parser: 3.1.1
      undici: 5.29.0
      zod: 4.4.3

  '@ai-sdk/provider@3.0.15':
    dependencies:
      json-schema: 0.4.0

  '@fastify/busboy@2.1.1': {}

  '@opentelemetry/api@1.9.1': {}

  '@standard-schema/spec@1.1.0': {}

  '@tanstack/query-core@5.101.4': {}

  '@tanstack/react-query@5.101.4(react@19.2.8)':
    dependencies:
      '@tanstack/query-core': 5.101.4
      react: 19.2.8

  '@vercel/oidc@3.2.0': {}

  ai@6.0.253(zod@4.4.3):
    dependencies:
      '@ai-sdk/gateway': 3.0.172(zod@4.4.3)
      '@ai-sdk/provider': 3.0.15
      '@ai-sdk/provider-utils': 4.0.45(zod@4.4.3)
      '@opentelemetry/api': 1.9.1
      zod: 4.4.3

  eventsource-parser@3.1.1: {}

  json-schema@0.4.0: {}

  react@19.2.8: {}

  typescript@5.9.3: {}

  undici@5.29.0:
    dependencies:
      '@fastify/busboy': 2.1.1

  zod@4.4.3: {}
